
Microsoft Visual Studio Solution File, Format Version 12.00
# Visual Studio 14
VisualStudioVersion = 14.0.25420.1
MinimumVisualStudioVersion = 10.0.40219.1
Project("{FAE04EC0-301F-11D3-BF4B-00C04F79EFBC}") = "SFPOSWindows", "SFPOSWindows\SFPOSWindows.csproj", "{DAB738D5-549F-4CC6-A417-637A978E1808}"
EndProject
Project("{FAE04EC0-301F-11D3-BF4B-00C04F79EFBC}") = "SFPOS.BAL", "SFPOS.BAL\SFPOS.BAL.csproj", "{15909221-75FA-4A11-8B0C-060F4C41C8C5}"
EndProject
Project("{FAE04EC0-301F-11D3-BF4B-00C04F79EFBC}") = "SFPOS.DAL", "SFPOS.DAL\SFPOS.DAL.csproj", "{546475A4-79CD-4F40-A333-3D9BC52BF544}"
EndProject
Project("{FAE04EC0-301F-11D3-BF4B-00C04F79EFBC}") = "SFPOS.Common", "SFPOS.Common\SFPOS.Common.csproj", "{13BBB9E8-3053-4185-AE15-0AF2F4A54C25}"
EndProject
Project("{FAE04EC0-301F-11D3-BF4B-00C04F79EFBC}") = "SFPOS.Entities", "SFPOS.Entities\SFPOS.Entities.csproj", "{5546F7F6-D63C-4B69-B2E0-2020AE50FA93}"
EndProject
Project("{54435603-DBB4-11D2-8724-00A0C9A8B90C}") = "Setup", "Setup\Setup.vdproj", "{FC19C108-3CC8-4902-9D51-A7B3E428BF45}"
EndProject
Project("{FAE04EC0-301F-11D3-BF4B-00C04F79EFBC}") = "CustomAction", "CustomAction\CustomAction.csproj", "{AA8DA74F-0594-4990-B3E6-04563E317C6B}"
EndProject
Project("{FAE04EC0-301F-11D3-BF4B-00C04F79EFBC}") = "SFPOS.Printer", "SFPOS.Printer\SFPOS.Printer.csproj", "{34814EE7-78D1-4D31-B056-AF76402CC9A6}"
EndProject
Project("{930C7802-8A8C-48F9-8165-68863BCCD9DD}") = "ezPOSPro_", "ezPOSPro_\ezPOSPro_.wixproj", "{D122220F-3AB3-4954-B23D-97A770962C5F}"
EndProject
Project("{930C7802-8A8C-48F9-8165-68863BCCD9DD}") = "ezPOSPro_Frontend", "ezPOSPro_Frontend\ezPOSPro_Frontend.wixproj", "{2E02A21E-53C0-43F2-8609-ABAC32C1D07A}"
EndProject
Project("{54435603-DBB4-11D2-8724-00A0C9A8B90C}") = "Setup_Frontend", "Setup_Frontend\Setup_Frontend.vdproj", "{8B43C188-DB98-41C3-A199-FD612D0AB5C5}"
EndProject
Project("{FAE04EC0-301F-11D3-BF4B-00C04F79EFBC}") = "SFPOS.Link", "SFPOS.Link\SFPOS.Link.csproj", "{0D91380D-1075-4AE9-9063-DC04E618C396}"
EndProject
Project("{54435603-DBB4-11D2-8724-00A0C9A8B90C}") = "Setup_Backend", "Setup_Backend\Setup_Backend.vdproj", "{CFBCAB9B-E215-4F9F-A072-0DC16E215F37}"
EndProject
Project("{FAE04EC0-301F-11D3-BF4B-00C04F79EFBC}") = "intPOSSetup", "intPOSSetup\intPOSSetup.csproj", "{6DE6C860-0D7D-4DC8-9206-BA1A36C6EA14}"
EndProject
Project("{930C7802-8A8C-48F9-8165-68863BCCD9DD}") = "intPOSEvaluation", "intPOSEvaluation\intPOSEvaluation.wixproj", "{95E57589-4E80-4F74-9B77-4A606EA063D3}"
EndProject
Global
	GlobalSection(SolutionConfigurationPlatforms) = preSolution
		Debug|Any CPU = Debug|Any CPU
		Debug|x86 = Debug|x86
		Release|Any CPU = Release|Any CPU
		Release|x86 = Release|x86
	EndGlobalSection
	GlobalSection(ProjectConfigurationPlatforms) = postSolution
		{DAB738D5-549F-4CC6-A417-637A978E1808}.Debug|Any CPU.ActiveCfg = Debug|x86
		{DAB738D5-549F-4CC6-A417-637A978E1808}.Debug|Any CPU.Build.0 = Debug|x86
		{DAB738D5-549F-4CC6-A417-637A978E1808}.Debug|x86.ActiveCfg = Debug|x86
		{DAB738D5-549F-4CC6-A417-637A978E1808}.Debug|x86.Build.0 = Debug|x86
		{DAB738D5-549F-4CC6-A417-637A978E1808}.Release|Any CPU.ActiveCfg = Release|Any CPU
		{DAB738D5-549F-4CC6-A417-637A978E1808}.Release|Any CPU.Build.0 = Release|Any CPU
		{DAB738D5-549F-4CC6-A417-637A978E1808}.Release|x86.ActiveCfg = Release|x86
		{DAB738D5-549F-4CC6-A417-637A978E1808}.Release|x86.Build.0 = Release|x86
		{15909221-75FA-4A11-8B0C-060F4C41C8C5}.Debug|Any CPU.ActiveCfg = Debug|x86
		{15909221-75FA-4A11-8B0C-060F4C41C8C5}.Debug|Any CPU.Build.0 = Debug|x86
		{15909221-75FA-4A11-8B0C-060F4C41C8C5}.Debug|x86.ActiveCfg = Debug|x86
		{15909221-75FA-4A11-8B0C-060F4C41C8C5}.Debug|x86.Build.0 = Debug|x86
		{15909221-75FA-4A11-8B0C-060F4C41C8C5}.Release|Any CPU.ActiveCfg = Release|Any CPU
		{15909221-75FA-4A11-8B0C-060F4C41C8C5}.Release|Any CPU.Build.0 = Release|Any CPU
		{15909221-75FA-4A11-8B0C-060F4C41C8C5}.Release|x86.ActiveCfg = Release|x86
		{15909221-75FA-4A11-8B0C-060F4C41C8C5}.Release|x86.Build.0 = Release|x86
		{546475A4-79CD-4F40-A333-3D9BC52BF544}.Debug|Any CPU.ActiveCfg = Debug|x86
		{546475A4-79CD-4F40-A333-3D9BC52BF544}.Debug|Any CPU.Build.0 = Debug|x86
		{546475A4-79CD-4F40-A333-3D9BC52BF544}.Debug|x86.ActiveCfg = Debug|x86
		{546475A4-79CD-4F40-A333-3D9BC52BF544}.Debug|x86.Build.0 = Debug|x86
		{546475A4-79CD-4F40-A333-3D9BC52BF544}.Release|Any CPU.ActiveCfg = Release|Any CPU
		{546475A4-79CD-4F40-A333-3D9BC52BF544}.Release|Any CPU.Build.0 = Release|Any CPU
		{546475A4-79CD-4F40-A333-3D9BC52BF544}.Release|x86.ActiveCfg = Release|x86
		{546475A4-79CD-4F40-A333-3D9BC52BF544}.Release|x86.Build.0 = Release|x86
		{13BBB9E8-3053-4185-AE15-0AF2F4A54C25}.Debug|Any CPU.ActiveCfg = Debug|x86
		{13BBB9E8-3053-4185-AE15-0AF2F4A54C25}.Debug|Any CPU.Build.0 = Debug|x86
		{13BBB9E8-3053-4185-AE15-0AF2F4A54C25}.Debug|x86.ActiveCfg = Debug|x86
		{13BBB9E8-3053-4185-AE15-0AF2F4A54C25}.Debug|x86.Build.0 = Debug|x86
		{13BBB9E8-3053-4185-AE15-0AF2F4A54C25}.Release|Any CPU.ActiveCfg = Release|Any CPU
		{13BBB9E8-3053-4185-AE15-0AF2F4A54C25}.Release|Any CPU.Build.0 = Release|Any CPU
		{13BBB9E8-3053-4185-AE15-0AF2F4A54C25}.Release|x86.ActiveCfg = Release|x86
		{13BBB9E8-3053-4185-AE15-0AF2F4A54C25}.Release|x86.Build.0 = Release|x86
		{5546F7F6-D63C-4B69-B2E0-2020AE50FA93}.Debug|Any CPU.ActiveCfg = Debug|x86
		{5546F7F6-D63C-4B69-B2E0-2020AE50FA93}.Debug|Any CPU.Build.0 = Debug|x86
		{5546F7F6-D63C-4B69-B2E0-2020AE50FA93}.Debug|x86.ActiveCfg = Debug|x86
		{5546F7F6-D63C-4B69-B2E0-2020AE50FA93}.Debug|x86.Build.0 = Debug|x86
		{5546F7F6-D63C-4B69-B2E0-2020AE50FA93}.Release|Any CPU.ActiveCfg = Release|Any CPU
		{5546F7F6-D63C-4B69-B2E0-2020AE50FA93}.Release|Any CPU.Build.0 = Release|Any CPU
		{5546F7F6-D63C-4B69-B2E0-2020AE50FA93}.Release|x86.ActiveCfg = Release|x86
		{5546F7F6-D63C-4B69-B2E0-2020AE50FA93}.Release|x86.Build.0 = Release|x86
		{FC19C108-3CC8-4902-9D51-A7B3E428BF45}.Debug|Any CPU.ActiveCfg = Debug
		{FC19C108-3CC8-4902-9D51-A7B3E428BF45}.Debug|x86.ActiveCfg = Debug
		{FC19C108-3CC8-4902-9D51-A7B3E428BF45}.Debug|x86.Build.0 = Debug
		{FC19C108-3CC8-4902-9D51-A7B3E428BF45}.Release|Any CPU.ActiveCfg = Release
		{FC19C108-3CC8-4902-9D51-A7B3E428BF45}.Release|x86.ActiveCfg = Release
		{FC19C108-3CC8-4902-9D51-A7B3E428BF45}.Release|x86.Build.0 = Release
		{AA8DA74F-0594-4990-B3E6-04563E317C6B}.Debug|Any CPU.ActiveCfg = Debug|x86
		{AA8DA74F-0594-4990-B3E6-04563E317C6B}.Debug|Any CPU.Build.0 = Debug|x86
		{AA8DA74F-0594-4990-B3E6-04563E317C6B}.Debug|x86.ActiveCfg = Debug|x86
		{AA8DA74F-0594-4990-B3E6-04563E317C6B}.Debug|x86.Build.0 = Debug|x86
		{AA8DA74F-0594-4990-B3E6-04563E317C6B}.Release|Any CPU.ActiveCfg = Release|Any CPU
		{AA8DA74F-0594-4990-B3E6-04563E317C6B}.Release|Any CPU.Build.0 = Release|Any CPU
		{AA8DA74F-0594-4990-B3E6-04563E317C6B}.Release|x86.ActiveCfg = Release|Any CPU
		{AA8DA74F-0594-4990-B3E6-04563E317C6B}.Release|x86.Build.0 = Release|Any CPU
		{34814EE7-78D1-4D31-B056-AF76402CC9A6}.Debug|Any CPU.ActiveCfg = Debug|x86
		{34814EE7-78D1-4D31-B056-AF76402CC9A6}.Debug|Any CPU.Build.0 = Debug|x86
		{34814EE7-78D1-4D31-B056-AF76402CC9A6}.Debug|x86.ActiveCfg = Debug|x86
		{34814EE7-78D1-4D31-B056-AF76402CC9A6}.Debug|x86.Build.0 = Debug|x86
		{34814EE7-78D1-4D31-B056-AF76402CC9A6}.Release|Any CPU.ActiveCfg = Release|Any CPU
		{34814EE7-78D1-4D31-B056-AF76402CC9A6}.Release|Any CPU.Build.0 = Release|Any CPU
		{34814EE7-78D1-4D31-B056-AF76402CC9A6}.Release|x86.ActiveCfg = Release|Any CPU
		{34814EE7-78D1-4D31-B056-AF76402CC9A6}.Release|x86.Build.0 = Release|Any CPU
		{D122220F-3AB3-4954-B23D-97A770962C5F}.Debug|Any CPU.ActiveCfg = Debug|x86
		{D122220F-3AB3-4954-B23D-97A770962C5F}.Debug|x86.ActiveCfg = Debug|x86
		{D122220F-3AB3-4954-B23D-97A770962C5F}.Debug|x86.Build.0 = Debug|x86
		{D122220F-3AB3-4954-B23D-97A770962C5F}.Release|Any CPU.ActiveCfg = Release|x86
		{D122220F-3AB3-4954-B23D-97A770962C5F}.Release|x86.ActiveCfg = Release|x86
		{D122220F-3AB3-4954-B23D-97A770962C5F}.Release|x86.Build.0 = Release|x86
		{2E02A21E-53C0-43F2-8609-ABAC32C1D07A}.Debug|Any CPU.ActiveCfg = Debug|x86
		{2E02A21E-53C0-43F2-8609-ABAC32C1D07A}.Debug|x86.ActiveCfg = Debug|x86
		{2E02A21E-53C0-43F2-8609-ABAC32C1D07A}.Debug|x86.Build.0 = Debug|x86
		{2E02A21E-53C0-43F2-8609-ABAC32C1D07A}.Release|Any CPU.ActiveCfg = Release|x86
		{2E02A21E-53C0-43F2-8609-ABAC32C1D07A}.Release|x86.ActiveCfg = Release|x86
		{2E02A21E-53C0-43F2-8609-ABAC32C1D07A}.Release|x86.Build.0 = Release|x86
		{8B43C188-DB98-41C3-A199-FD612D0AB5C5}.Debug|Any CPU.ActiveCfg = Debug
		{8B43C188-DB98-41C3-A199-FD612D0AB5C5}.Debug|x86.ActiveCfg = Debug
		{8B43C188-DB98-41C3-A199-FD612D0AB5C5}.Release|Any CPU.ActiveCfg = Release
		{8B43C188-DB98-41C3-A199-FD612D0AB5C5}.Release|x86.ActiveCfg = Release
		{0D91380D-1075-4AE9-9063-DC04E618C396}.Debug|Any CPU.ActiveCfg = Debug|Any CPU
		{0D91380D-1075-4AE9-9063-DC04E618C396}.Debug|Any CPU.Build.0 = Debug|Any CPU
		{0D91380D-1075-4AE9-9063-DC04E618C396}.Debug|x86.ActiveCfg = Debug|Any CPU
		{0D91380D-1075-4AE9-9063-DC04E618C396}.Debug|x86.Build.0 = Debug|Any CPU
		{0D91380D-1075-4AE9-9063-DC04E618C396}.Release|Any CPU.ActiveCfg = Release|Any CPU
		{0D91380D-1075-4AE9-9063-DC04E618C396}.Release|Any CPU.Build.0 = Release|Any CPU
		{0D91380D-1075-4AE9-9063-DC04E618C396}.Release|x86.ActiveCfg = Release|Any CPU
		{0D91380D-1075-4AE9-9063-DC04E618C396}.Release|x86.Build.0 = Release|Any CPU
		{CFBCAB9B-E215-4F9F-A072-0DC16E215F37}.Debug|Any CPU.ActiveCfg = Debug
		{CFBCAB9B-E215-4F9F-A072-0DC16E215F37}.Debug|Any CPU.Build.0 = Debug
		{CFBCAB9B-E215-4F9F-A072-0DC16E215F37}.Debug|x86.ActiveCfg = Debug
		{CFBCAB9B-E215-4F9F-A072-0DC16E215F37}.Debug|x86.Build.0 = Debug
		{CFBCAB9B-E215-4F9F-A072-0DC16E215F37}.Release|Any CPU.ActiveCfg = Release
		{CFBCAB9B-E215-4F9F-A072-0DC16E215F37}.Release|Any CPU.Build.0 = Release
		{CFBCAB9B-E215-4F9F-A072-0DC16E215F37}.Release|x86.ActiveCfg = Release
		{CFBCAB9B-E215-4F9F-A072-0DC16E215F37}.Release|x86.Build.0 = Release
		{6DE6C860-0D7D-4DC8-9206-BA1A36C6EA14}.Debug|Any CPU.ActiveCfg = Debug|Any CPU
		{6DE6C860-0D7D-4DC8-9206-BA1A36C6EA14}.Debug|Any CPU.Build.0 = Debug|Any CPU
		{6DE6C860-0D7D-4DC8-9206-BA1A36C6EA14}.Debug|x86.ActiveCfg = Debug|Any CPU
		{6DE6C860-0D7D-4DC8-9206-BA1A36C6EA14}.Debug|x86.Build.0 = Debug|Any CPU
		{6DE6C860-0D7D-4DC8-9206-BA1A36C6EA14}.Release|Any CPU.ActiveCfg = Release|Any CPU
		{6DE6C860-0D7D-4DC8-9206-BA1A36C6EA14}.Release|Any CPU.Build.0 = Release|Any CPU
		{6DE6C860-0D7D-4DC8-9206-BA1A36C6EA14}.Release|x86.ActiveCfg = Release|Any CPU
		{6DE6C860-0D7D-4DC8-9206-BA1A36C6EA14}.Release|x86.Build.0 = Release|Any CPU
		{95E57589-4E80-4F74-9B77-4A606EA063D3}.Debug|Any CPU.ActiveCfg = Debug|x86
		{95E57589-4E80-4F74-9B77-4A606EA063D3}.Debug|x86.ActiveCfg = Debug|x86
		{95E57589-4E80-4F74-9B77-4A606EA063D3}.Debug|x86.Build.0 = Debug|x86
		{95E57589-4E80-4F74-9B77-4A606EA063D3}.Release|Any CPU.ActiveCfg = Release|x86
		{95E57589-4E80-4F74-9B77-4A606EA063D3}.Release|x86.ActiveCfg = Release|x86
		{95E57589-4E80-4F74-9B77-4A606EA063D3}.Release|x86.Build.0 = Release|x86
	EndGlobalSection
	GlobalSection(SolutionProperties) = preSolution
		HideSolutionNode = FALSE
	EndGlobalSection
EndGlobal
